// !$*UTF8*$!
{
	archiveVersion = 1;
	classes = {
	};
	objectVersion = 46;
	objects = {

/* Begin PBXBuildFile section */
		F1B2EFFC2D91B863E9323D52 /* libPods-Triper_IOS.a in Frameworks */ = {isa = PBXBuildFile; fileRef = 805FA23E8F8C7F4C33D18610 /* libPods-Triper_IOS.a */; };
		FD05E8C81D2727F000C74141 /* TSCustomImageView.m in Sources */ = {isa = PBXBuildFile; fileRef = FD05E8C71D2727F000C74141 /* TSCustomImageView.m */; };
		FD0635C61D2FCCE9005D39EE /* TSHomyViewController.m in Sources */ = {isa = PBXBuildFile; fileRef = FD0635C51D2FCCE9005D39EE /* TSHomyViewController.m */; };
		FD0635C91D2FE78F005D39EE /* TSTabBarController.m in Sources */ = {isa = PBXBuildFile; fileRef = FD0635C81D2FE78F005D39EE /* TSTabBarController.m */; };
		FD0635CB1D2FEE5F005D39EE /* MapKit.framework in Frameworks */ = {isa = PBXBuildFile; fileRef = FD0635CA1D2FEE5E005D39EE /* MapKit.framework */; };
		FD0635CE1D2FF009005D39EE /* TSMapKitViewController.m in Sources */ = {isa = PBXBuildFile; fileRef = FD0635CD1D2FF009005D39EE /* TSMapKitViewController.m */; };
		FD1334AB1D2811E70074F5E9 /* TSUser.m in Sources */ = {isa = PBXBuildFile; fileRef = FD1334AA1D2811E70074F5E9 /* TSUser.m */; };
		FD4BF6DC1D43719300504327 /* TSMatchViewController.m in Sources */ = {isa = PBXBuildFile; fileRef = FD4BF6DB1D43719300504327 /* TSMatchViewController.m */; };
		FD4BF6DF1D43794E00504327 /* TSUserViewController.m in Sources */ = {isa = PBXBuildFile; fileRef = FD4BF6DE1D43794E00504327 /* TSUserViewController.m */; };
		FD4C964B1D2DB4FD00D965F4 /* TSTextField.m in Sources */ = {isa = PBXBuildFile; fileRef = FD4C964A1D2DB4FC00D965F4 /* TSTextField.m */; };
		FD530D601D265E3500E0651A /* TSSettingsViewController.m in Sources */ = {isa = PBXBuildFile; fileRef = FD530D5F1D265E3500E0651A /* TSSettingsViewController.m */; };
		FD672A661D2A8DB9000E46EE /* TSButton.m in Sources */ = {isa = PBXBuildFile; fileRef = FD672A651D2A8DB9000E46EE /* TSButton.m */; };
		FD8F15C51D25A1F6004F953B /* TSMenuTableViewCell.m in Sources */ = {isa = PBXBuildFile; fileRef = FD8F15C41D25A1F6004F953B /* TSMenuTableViewCell.m */; };
		FD9E79A41D36D7B5003E402A /* TSProfileView.m in Sources */ = {isa = PBXBuildFile; fileRef = FD9E79A31D36D7B5003E402A /* TSProfileView.m */; };
		FDBFA4F51D1C23020074D92D /* main.m in Sources */ = {isa = PBXBuildFile; fileRef = FDBFA4F41D1C23020074D92D /* main.m */; };
		FDBFA4F81D1C23020074D92D /* AppDelegate.m in Sources */ = {isa = PBXBuildFile; fileRef = FDBFA4F71D1C23020074D92D /* AppDelegate.m */; };
		FDBFA4FB1D1C23020074D92D /* TSLoginViewController.m in Sources */ = {isa = PBXBuildFile; fileRef = FDBFA4FA1D1C23020074D92D /* TSLoginViewController.m */; };
		FDBFA4FE1D1C23020074D92D /* Main.storyboard in Resources */ = {isa = PBXBuildFile; fileRef = FDBFA4FC1D1C23020074D92D /* Main.storyboard */; };
		FDBFA5011D1C23020074D92D /* Triper_IOS.xcdatamodeld in Sources */ = {isa = PBXBuildFile; fileRef = FDBFA4FF1D1C23020074D92D /* Triper_IOS.xcdatamodeld */; };
		FDBFA5031D1C23020074D92D /* Assets.xcassets in Resources */ = {isa = PBXBuildFile; fileRef = FDBFA5021D1C23020074D92D /* Assets.xcassets */; };
		FDBFA5061D1C23020074D92D /* LaunchScreen.storyboard in Resources */ = {isa = PBXBuildFile; fileRef = FDBFA5041D1C23020074D92D /* LaunchScreen.storyboard */; };
		FDBFA5111D1C23030074D92D /* Triper_IOSTests.m in Sources */ = {isa = PBXBuildFile; fileRef = FDBFA5101D1C23030074D92D /* Triper_IOSTests.m */; };
		FDBFA51C1D1C23030074D92D /* Triper_IOSUITests.m in Sources */ = {isa = PBXBuildFile; fileRef = FDBFA51B1D1C23030074D92D /* Triper_IOSUITests.m */; };
		FDC3C94F1D2D5A2E0036FF3D /* TSSegmentedControl.m in Sources */ = {isa = PBXBuildFile; fileRef = FDC3C94E1D2D5A2E0036FF3D /* TSSegmentedControl.m */; };
		FDCBDA831D3E674200F07849 /* GoogleService-Info.plist in Resources */ = {isa = PBXBuildFile; fileRef = FDCBDA821D3E674200F07849 /* GoogleService-Info.plist */; };
		FDD4BFF51D44FBF100076803 /* TSCellView.xib in Resources */ = {isa = PBXBuildFile; fileRef = FDD4BFF41D44FBF000076803 /* TSCellView.xib */; };
		FDD4BFF81D44FC3B00076803 /* TSCellView.m in Sources */ = {isa = PBXBuildFile; fileRef = FDD4BFF71D44FC3B00076803 /* TSCellView.m */; };
		FDDC4FD41D3D031A00B11286 /* TSRandomFriendsTest.m in Sources */ = {isa = PBXBuildFile; fileRef = FDDC4FD31D3D031A00B11286 /* TSRandomFriendsTest.m */; };
		FDF1852D1D302E4600EE3391 /* Quickblox.framework in Frameworks */ = {isa = PBXBuildFile; fileRef = FDF1852C1D302E4600EE3391 /* Quickblox.framework */; };
		FDF1852F1D30309300EE3391 /* CFNetwork.framework in Frameworks */ = {isa = PBXBuildFile; fileRef = FDF1852E1D30309300EE3391 /* CFNetwork.framework */; };
		FDF185321D30380C00EE3391 /* TSChatViewController.m in Sources */ = {isa = PBXBuildFile; fileRef = FDF185311D30380C00EE3391 /* TSChatViewController.m */; };
		FDF247F61D3D94380035FBDF /* TSHandler.m in Sources */ = {isa = PBXBuildFile; fileRef = FDF247F51D3D94380035FBDF /* TSHandler.m */; };
		FDF247F91D3D9CAE0035FBDF /* TSDisplayContent.m in Sources */ = {isa = PBXBuildFile; fileRef = FDF247F81D3D9CAE0035FBDF /* TSDisplayContent.m */; };
		FDF38CBB1D1C7AED005D081F /* TSServerManager.m in Sources */ = {isa = PBXBuildFile; fileRef = FDF38CBA1D1C7AED005D081F /* TSServerManager.m */; };
		FDF83A0A1D391CC200FA5955 /* TSProfileView.xib in Resources */ = {isa = PBXBuildFile; fileRef = FDF83A091D391CC200FA5955 /* TSProfileView.xib */; };
/* End PBXBuildFile section */

/* Begin PBXContainerItemProxy section */
		FDBFA50D1D1C23030074D92D /* PBXContainerItemProxy */ = {
			isa = PBXContainerItemProxy;
			containerPortal = FDBFA4E81D1C23010074D92D /* Project object */;
			proxyType = 1;
			remoteGlobalIDString = FDBFA4EF1D1C23010074D92D;
			remoteInfo = Triper_IOS;
		};
		FDBFA5181D1C23030074D92D /* PBXContainerItemProxy */ = {
			isa = PBXContainerItemProxy;
			containerPortal = FDBFA4E81D1C23010074D92D /* Project object */;
			proxyType = 1;
			remoteGlobalIDString = FDBFA4EF1D1C23010074D92D;
			remoteInfo = Triper_IOS;
		};
/* End PBXContainerItemProxy section */

/* Begin PBXFileReference section */
		805FA23E8F8C7F4C33D18610 /* libPods-Triper_IOS.a */ = {isa = PBXFileReference; explicitFileType = archive.ar; includeInIndex = 0; path = "libPods-Triper_IOS.a"; sourceTree = BUILT_PRODUCTS_DIR; };
		906A3ACFD747A10A9AA94296 /* Pods-Triper_IOS.debug.xcconfig */ = {isa = PBXFileReference; includeInIndex = 1; lastKnownFileType = text.xcconfig; name = "Pods-Triper_IOS.debug.xcconfig"; path = "Pods/Target Support Files/Pods-Triper_IOS/Pods-Triper_IOS.debug.xcconfig"; sourceTree = "<group>"; };
		E46800479BB6420A412BEB96 /* Pods-Triper_IOS.release.xcconfig */ = {isa = PBXFileReference; includeInIndex = 1; lastKnownFileType = text.xcconfig; name = "Pods-Triper_IOS.release.xcconfig"; path = "Pods/Target Support Files/Pods-Triper_IOS/Pods-Triper_IOS.release.xcconfig"; sourceTree = "<group>"; };
		FD05E8C61D2727F000C74141 /* TSCustomImageView.h */ = {isa = PBXFileReference; fileEncoding = 4; lastKnownFileType = sourcecode.c.h; path = TSCustomImageView.h; sourceTree = "<group>"; };
		FD05E8C71D2727F000C74141 /* TSCustomImageView.m */ = {isa = PBXFileReference; fileEncoding = 4; lastKnownFileType = sourcecode.c.objc; path = TSCustomImageView.m; sourceTree = "<group>"; };
		FD0635C11D2FCC1D005D39EE /* TSMatchViewController.h */ = {isa = PBXFileReference; fileEncoding = 4; lastKnownFileType = sourcecode.c.h; path = TSMatchViewController.h; sourceTree = "<group>"; };
		FD0635C41D2FCCE9005D39EE /* TSHomyViewController.h */ = {isa = PBXFileReference; fileEncoding = 4; lastKnownFileType = sourcecode.c.h; path = TSHomyViewController.h; sourceTree = "<group>"; };
		FD0635C51D2FCCE9005D39EE /* TSHomyViewController.m */ = {isa = PBXFileReference; fileEncoding = 4; lastKnownFileType = sourcecode.c.objc; path = TSHomyViewController.m; sourceTree = "<group>"; };
		FD0635C71D2FE78F005D39EE /* TSTabBarController.h */ = {isa = PBXFileReference; fileEncoding = 4; lastKnownFileType = sourcecode.c.h; path = TSTabBarController.h; sourceTree = "<group>"; };
		FD0635C81D2FE78F005D39EE /* TSTabBarController.m */ = {isa = PBXFileReference; fileEncoding = 4; lastKnownFileType = sourcecode.c.objc; path = TSTabBarController.m; sourceTree = "<group>"; };
		FD0635CA1D2FEE5E005D39EE /* MapKit.framework */ = {isa = PBXFileReference; lastKnownFileType = wrapper.framework; name = MapKit.framework; path = System/Library/Frameworks/MapKit.framework; sourceTree = SDKROOT; };
		FD0635CC1D2FF009005D39EE /* TSMapKitViewController.h */ = {isa = PBXFileReference; fileEncoding = 4; lastKnownFileType = sourcecode.c.h; path = TSMapKitViewController.h; sourceTree = "<group>"; };
		FD0635CD1D2FF009005D39EE /* TSMapKitViewController.m */ = {isa = PBXFileReference; fileEncoding = 4; lastKnownFileType = sourcecode.c.objc; path = TSMapKitViewController.m; sourceTree = "<group>"; };
		FD1334A91D2811E70074F5E9 /* TSUser.h */ = {isa = PBXFileReference; fileEncoding = 4; lastKnownFileType = sourcecode.c.h; path = TSUser.h; sourceTree = "<group>"; };
		FD1334AA1D2811E70074F5E9 /* TSUser.m */ = {isa = PBXFileReference; fileEncoding = 4; lastKnownFileType = sourcecode.c.objc; path = TSUser.m; sourceTree = "<group>"; };
		FD4BF6DB1D43719300504327 /* TSMatchViewController.m */ = {isa = PBXFileReference; fileEncoding = 4; lastKnownFileType = sourcecode.c.objc; path = TSMatchViewController.m; sourceTree = "<group>"; };
		FD4BF6DD1D43794E00504327 /* TSUserViewController.h */ = {isa = PBXFileReference; fileEncoding = 4; lastKnownFileType = sourcecode.c.h; path = TSUserViewController.h; sourceTree = "<group>"; };
		FD4BF6DE1D43794E00504327 /* TSUserViewController.m */ = {isa = PBXFileReference; fileEncoding = 4; lastKnownFileType = sourcecode.c.objc; path = TSUserViewController.m; sourceTree = "<group>"; };
		FD4C96491D2DB4FC00D965F4 /* TSTextField.h */ = {isa = PBXFileReference; fileEncoding = 4; lastKnownFileType = sourcecode.c.h; path = TSTextField.h; sourceTree = "<group>"; };
		FD4C964A1D2DB4FC00D965F4 /* TSTextField.m */ = {isa = PBXFileReference; fileEncoding = 4; lastKnownFileType = sourcecode.c.objc; path = TSTextField.m; sourceTree = "<group>"; };
		FD530D5E1D265E3500E0651A /* TSSettingsViewController.h */ = {isa = PBXFileReference; fileEncoding = 4; lastKnownFileType = sourcecode.c.h; path = TSSettingsViewController.h; sourceTree = "<group>"; };
		FD530D5F1D265E3500E0651A /* TSSettingsViewController.m */ = {isa = PBXFileReference; fileEncoding = 4; lastKnownFileType = sourcecode.c.objc; path = TSSettingsViewController.m; sourceTree = "<group>"; };
		FD672A641D2A8DB9000E46EE /* TSButton.h */ = {isa = PBXFileReference; fileEncoding = 4; lastKnownFileType = sourcecode.c.h; path = TSButton.h; sourceTree = "<group>"; };
		FD672A651D2A8DB9000E46EE /* TSButton.m */ = {isa = PBXFileReference; fileEncoding = 4; lastKnownFileType = sourcecode.c.objc; path = TSButton.m; sourceTree = "<group>"; };
		FD8F15C31D25A1F6004F953B /* TSMenuTableViewCell.h */ = {isa = PBXFileReference; fileEncoding = 4; lastKnownFileType = sourcecode.c.h; path = TSMenuTableViewCell.h; sourceTree = "<group>"; };
		FD8F15C41D25A1F6004F953B /* TSMenuTableViewCell.m */ = {isa = PBXFileReference; fileEncoding = 4; lastKnownFileType = sourcecode.c.objc; path = TSMenuTableViewCell.m; sourceTree = "<group>"; };
		FD9E79A21D36D7B5003E402A /* TSProfileView.h */ = {isa = PBXFileReference; fileEncoding = 4; lastKnownFileType = sourcecode.c.h; path = TSProfileView.h; sourceTree = "<group>"; };
		FD9E79A31D36D7B5003E402A /* TSProfileView.m */ = {isa = PBXFileReference; fileEncoding = 4; lastKnownFileType = sourcecode.c.objc; path = TSProfileView.m; sourceTree = "<group>"; };
		FDBFA4F01D1C23010074D92D /* Triper_IOS.app */ = {isa = PBXFileReference; explicitFileType = wrapper.application; includeInIndex = 0; path = Triper_IOS.app; sourceTree = BUILT_PRODUCTS_DIR; };
		FDBFA4F41D1C23020074D92D /* main.m */ = {isa = PBXFileReference; lastKnownFileType = sourcecode.c.objc; path = main.m; sourceTree = "<group>"; };
		FDBFA4F61D1C23020074D92D /* AppDelegate.h */ = {isa = PBXFileReference; lastKnownFileType = sourcecode.c.h; path = AppDelegate.h; sourceTree = "<group>"; };
		FDBFA4F71D1C23020074D92D /* AppDelegate.m */ = {isa = PBXFileReference; lastKnownFileType = sourcecode.c.objc; path = AppDelegate.m; sourceTree = "<group>"; };
		FDBFA4F91D1C23020074D92D /* TSLoginViewController.h */ = {isa = PBXFileReference; lastKnownFileType = sourcecode.c.h; path = TSLoginViewController.h; sourceTree = "<group>"; };
		FDBFA4FA1D1C23020074D92D /* TSLoginViewController.m */ = {isa = PBXFileReference; lastKnownFileType = sourcecode.c.objc; path = TSLoginViewController.m; sourceTree = "<group>"; };
		FDBFA4FD1D1C23020074D92D /* Base */ = {isa = PBXFileReference; lastKnownFileType = file.storyboard; name = Base; path = Base.lproj/Main.storyboard; sourceTree = "<group>"; };
		FDBFA5001D1C23020074D92D /* Triper_IOS.xcdatamodel */ = {isa = PBXFileReference; lastKnownFileType = wrapper.xcdatamodel; path = Triper_IOS.xcdatamodel; sourceTree = "<group>"; };
		FDBFA5021D1C23020074D92D /* Assets.xcassets */ = {isa = PBXFileReference; lastKnownFileType = folder.assetcatalog; path = Assets.xcassets; sourceTree = "<group>"; };
		FDBFA5051D1C23020074D92D /* Base */ = {isa = PBXFileReference; lastKnownFileType = file.storyboard; name = Base; path = Base.lproj/LaunchScreen.storyboard; sourceTree = "<group>"; };
		FDBFA5071D1C23020074D92D /* Info.plist */ = {isa = PBXFileReference; lastKnownFileType = text.plist.xml; path = Info.plist; sourceTree = "<group>"; };
		FDBFA50C1D1C23030074D92D /* Triper_IOSTests.xctest */ = {isa = PBXFileReference; explicitFileType = wrapper.cfbundle; includeInIndex = 0; path = Triper_IOSTests.xctest; sourceTree = BUILT_PRODUCTS_DIR; };
		FDBFA5101D1C23030074D92D /* Triper_IOSTests.m */ = {isa = PBXFileReference; lastKnownFileType = sourcecode.c.objc; path = Triper_IOSTests.m; sourceTree = "<group>"; };
		FDBFA5121D1C23030074D92D /* Info.plist */ = {isa = PBXFileReference; lastKnownFileType = text.plist.xml; path = Info.plist; sourceTree = "<group>"; };
		FDBFA5171D1C23030074D92D /* Triper_IOSUITests.xctest */ = {isa = PBXFileReference; explicitFileType = wrapper.cfbundle; includeInIndex = 0; path = Triper_IOSUITests.xctest; sourceTree = BUILT_PRODUCTS_DIR; };
		FDBFA51B1D1C23030074D92D /* Triper_IOSUITests.m */ = {isa = PBXFileReference; lastKnownFileType = sourcecode.c.objc; path = Triper_IOSUITests.m; sourceTree = "<group>"; };
		FDBFA51D1D1C23030074D92D /* Info.plist */ = {isa = PBXFileReference; lastKnownFileType = text.plist.xml; path = Info.plist; sourceTree = "<group>"; };
		FDC3C94D1D2D5A2E0036FF3D /* TSSegmentedControl.h */ = {isa = PBXFileReference; fileEncoding = 4; lastKnownFileType = sourcecode.c.h; path = TSSegmentedControl.h; sourceTree = "<group>"; };
		FDC3C94E1D2D5A2E0036FF3D /* TSSegmentedControl.m */ = {isa = PBXFileReference; fileEncoding = 4; lastKnownFileType = sourcecode.c.objc; path = TSSegmentedControl.m; sourceTree = "<group>"; };
		FDCBDA821D3E674200F07849 /* GoogleService-Info.plist */ = {isa = PBXFileReference; fileEncoding = 4; lastKnownFileType = text.plist.xml; path = "GoogleService-Info.plist"; sourceTree = "<group>"; };
		FDD4BFF41D44FBF000076803 /* TSCellView.xib */ = {isa = PBXFileReference; fileEncoding = 4; lastKnownFileType = file.xib; path = TSCellView.xib; sourceTree = "<group>"; };
		FDD4BFF61D44FC3B00076803 /* TSCellView.h */ = {isa = PBXFileReference; fileEncoding = 4; lastKnownFileType = sourcecode.c.h; path = TSCellView.h; sourceTree = "<group>"; };
		FDD4BFF71D44FC3B00076803 /* TSCellView.m */ = {isa = PBXFileReference; fileEncoding = 4; lastKnownFileType = sourcecode.c.objc; path = TSCellView.m; sourceTree = "<group>"; };
		FDDC4FD21D3D031A00B11286 /* TSRandomFriendsTest.h */ = {isa = PBXFileReference; fileEncoding = 4; lastKnownFileType = sourcecode.c.h; path = TSRandomFriendsTest.h; sourceTree = "<group>"; };
		FDDC4FD31D3D031A00B11286 /* TSRandomFriendsTest.m */ = {isa = PBXFileReference; fileEncoding = 4; lastKnownFileType = sourcecode.c.objc; path = TSRandomFriendsTest.m; sourceTree = "<group>"; };
		FDF1852C1D302E4600EE3391 /* Quickblox.framework */ = {isa = PBXFileReference; lastKnownFileType = wrapper.framework; path = Quickblox.framework; sourceTree = "<group>"; };
		FDF1852E1D30309300EE3391 /* CFNetwork.framework */ = {isa = PBXFileReference; lastKnownFileType = wrapper.framework; name = CFNetwork.framework; path = System/Library/Frameworks/CFNetwork.framework; sourceTree = SDKROOT; };
		FDF185301D30380C00EE3391 /* TSChatViewController.h */ = {isa = PBXFileReference; fileEncoding = 4; lastKnownFileType = sourcecode.c.h; path = TSChatViewController.h; sourceTree = "<group>"; };
		FDF185311D30380C00EE3391 /* TSChatViewController.m */ = {isa = PBXFileReference; fileEncoding = 4; lastKnownFileType = sourcecode.c.objc; path = TSChatViewController.m; sourceTree = "<group>"; };
		FDF185331D305D0B00EE3391 /* PrefixHeader.pch */ = {isa = PBXFileReference; lastKnownFileType = sourcecode.c.h; name = PrefixHeader.pch; path = ../PrefixHeader.pch; sourceTree = "<group>"; };
		FDF247F41D3D94380035FBDF /* TSHandler.h */ = {isa = PBXFileReference; fileEncoding = 4; lastKnownFileType = sourcecode.c.h; path = TSHandler.h; sourceTree = "<group>"; };
		FDF247F51D3D94380035FBDF /* TSHandler.m */ = {isa = PBXFileReference; fileEncoding = 4; lastKnownFileType = sourcecode.c.objc; path = TSHandler.m; sourceTree = "<group>"; };
		FDF247F71D3D9CAE0035FBDF /* TSDisplayContent.h */ = {isa = PBXFileReference; fileEncoding = 4; lastKnownFileType = sourcecode.c.h; path = TSDisplayContent.h; sourceTree = "<group>"; };
		FDF247F81D3D9CAE0035FBDF /* TSDisplayContent.m */ = {isa = PBXFileReference; fileEncoding = 4; lastKnownFileType = sourcecode.c.objc; path = TSDisplayContent.m; sourceTree = "<group>"; };
		FDF38CB91D1C7AED005D081F /* TSServerManager.h */ = {isa = PBXFileReference; fileEncoding = 4; lastKnownFileType = sourcecode.c.h; path = TSServerManager.h; sourceTree = "<group>"; };
		FDF38CBA1D1C7AED005D081F /* TSServerManager.m */ = {isa = PBXFileReference; fileEncoding = 4; lastKnownFileType = sourcecode.c.objc; path = TSServerManager.m; sourceTree = "<group>"; };
		FDF83A091D391CC200FA5955 /* TSProfileView.xib */ = {isa = PBXFileReference; fileEncoding = 4; lastKnownFileType = file.xib; path = TSProfileView.xib; sourceTree = "<group>"; };
/* End PBXFileReference section */

/* Begin PBXFrameworksBuildPhase section */
		FDBFA4ED1D1C23010074D92D /* Frameworks */ = {
			isa = PBXFrameworksBuildPhase;
			buildActionMask = 2147483647;
			files = (
				FDF1852F1D30309300EE3391 /* CFNetwork.framework in Frameworks */,
				FD0635CB1D2FEE5F005D39EE /* MapKit.framework in Frameworks */,
				F1B2EFFC2D91B863E9323D52 /* libPods-Triper_IOS.a in Frameworks */,
				FDF1852D1D302E4600EE3391 /* Quickblox.framework in Frameworks */,
			);
			runOnlyForDeploymentPostprocessing = 0;
		};
		FDBFA5091D1C23020074D92D /* Frameworks */ = {
			isa = PBXFrameworksBuildPhase;
			buildActionMask = 2147483647;
			files = (
			);
			runOnlyForDeploymentPostprocessing = 0;
		};
		FDBFA5141D1C23030074D92D /* Frameworks */ = {
			isa = PBXFrameworksBuildPhase;
			buildActionMask = 2147483647;
			files = (
			);
			runOnlyForDeploymentPostprocessing = 0;
		};
/* End PBXFrameworksBuildPhase section */

/* Begin PBXGroup section */
		35E7B8FE43D2DD46C4B36EFB /* Frameworks */ = {
			isa = PBXGroup;
			children = (
				FDF1852E1D30309300EE3391 /* CFNetwork.framework */,
				FD0635CA1D2FEE5E005D39EE /* MapKit.framework */,
				FDF1852C1D302E4600EE3391 /* Quickblox.framework */,
				805FA23E8F8C7F4C33D18610 /* libPods-Triper_IOS.a */,
			);
			name = Frameworks;
			sourceTree = "<group>";
		};
		CA4E60AC96CFCA5CA55B02DA /* Pods */ = {
			isa = PBXGroup;
			children = (
				906A3ACFD747A10A9AA94296 /* Pods-Triper_IOS.debug.xcconfig */,
				E46800479BB6420A412BEB96 /* Pods-Triper_IOS.release.xcconfig */,
			);
			name = Pods;
			sourceTree = "<group>";
		};
		FD05E8C51D27279F00C74141 /* Image View */ = {
			isa = PBXGroup;
			children = (
				FD05E8C61D2727F000C74141 /* TSCustomImageView.h */,
				FD05E8C71D2727F000C74141 /* TSCustomImageView.m */,
			);
			name = "Image View";
			sourceTree = "<group>";
		};
		FD1334A81D2811AC0074F5E9 /* Models */ = {
			isa = PBXGroup;
			children = (
				FD1334A91D2811E70074F5E9 /* TSUser.h */,
				FD1334AA1D2811E70074F5E9 /* TSUser.m */,
			);
			name = Models;
			sourceTree = "<group>";
		};
		FD672A631D2A8D79000E46EE /* Button */ = {
			isa = PBXGroup;
			children = (
				FD672A641D2A8DB9000E46EE /* TSButton.h */,
				FD672A651D2A8DB9000E46EE /* TSButton.m */,
			);
			name = Button;
			sourceTree = "<group>";
		};
		FD8F15C21D25A166004F953B /* Cell */ = {
			isa = PBXGroup;
			children = (
				FD8F15C31D25A1F6004F953B /* TSMenuTableViewCell.h */,
				FD8F15C41D25A1F6004F953B /* TSMenuTableViewCell.m */,
			);
			name = Cell;
			path = ..;
			sourceTree = "<group>";
		};
		FD9E79A11D36D767003E402A /* View */ = {
			isa = PBXGroup;
			children = (
				FD9E79A21D36D7B5003E402A /* TSProfileView.h */,
				FD9E79A31D36D7B5003E402A /* TSProfileView.m */,
				FDF83A091D391CC200FA5955 /* TSProfileView.xib */,
				FDD4BFF61D44FC3B00076803 /* TSCellView.h */,
				FDD4BFF71D44FC3B00076803 /* TSCellView.m */,
				FDD4BFF41D44FBF000076803 /* TSCellView.xib */,
				FDF247F31D3D93EA0035FBDF /* HandlerProfileView */,
			);
			name = View;
			sourceTree = "<group>";
		};
		FDBFA4E71D1C23010074D92D = {
			isa = PBXGroup;
			children = (
				FDBFA4F21D1C23020074D92D /* Triper_IOS */,
				FDBFA50F1D1C23030074D92D /* Triper_IOSTests */,
				FDBFA51A1D1C23030074D92D /* Triper_IOSUITests */,
				FDBFA4F11D1C23010074D92D /* Products */,
				CA4E60AC96CFCA5CA55B02DA /* Pods */,
				35E7B8FE43D2DD46C4B36EFB /* Frameworks */,
			);
			sourceTree = "<group>";
		};
		FDBFA4F11D1C23010074D92D /* Products */ = {
			isa = PBXGroup;
			children = (
				FDBFA4F01D1C23010074D92D /* Triper_IOS.app */,
				FDBFA50C1D1C23030074D92D /* Triper_IOSTests.xctest */,
				FDBFA5171D1C23030074D92D /* Triper_IOSUITests.xctest */,
			);
			name = Products;
			sourceTree = "<group>";
		};
		FDBFA4F21D1C23020074D92D /* Triper_IOS */ = {
			isa = PBXGroup;
			children = (
				FDF38CB71D1C797B005D081F /* App */,
				FDD4BFF91D44FC9F00076803 /* TSRandomContentTest */,
				FD05E8C51D27279F00C74141 /* Image View */,
				FD9E79A11D36D767003E402A /* View */,
				FD1334A81D2811AC0074F5E9 /* Models */,
				FDF38CBC1D1C7AF8005D081F /* ServerManager */,
				FD672A631D2A8D79000E46EE /* Button */,
				FDC3C94C1D2D59C30036FF3D /* SegmentedControll */,
				FD8F15C21D25A166004F953B /* Cell */,
				FDF38CB61D1C7954005D081F /* Controllers */,
				FDBFA4FC1D1C23020074D92D /* Main.storyboard */,
				FDBFA5021D1C23020074D92D /* Assets.xcassets */,
				FDBFA5041D1C23020074D92D /* LaunchScreen.storyboard */,
				FDBFA5071D1C23020074D92D /* Info.plist */,
				FDCBDA821D3E674200F07849 /* GoogleService-Info.plist */,
				FDBFA4FF1D1C23020074D92D /* Triper_IOS.xcdatamodeld */,
				FDBFA4F31D1C23020074D92D /* Supporting Files */,
			);
			path = Triper_IOS;
			sourceTree = "<group>";
		};
		FDBFA4F31D1C23020074D92D /* Supporting Files */ = {
			isa = PBXGroup;
			children = (
				FDF185331D305D0B00EE3391 /* PrefixHeader.pch */,
				FDBFA4F41D1C23020074D92D /* main.m */,
			);
			name = "Supporting Files";
			sourceTree = "<group>";
		};
		FDBFA50F1D1C23030074D92D /* Triper_IOSTests */ = {
			isa = PBXGroup;
			children = (
				FDBFA5101D1C23030074D92D /* Triper_IOSTests.m */,
				FDBFA5121D1C23030074D92D /* Info.plist */,
			);
			path = Triper_IOSTests;
			sourceTree = "<group>";
		};
		FDBFA51A1D1C23030074D92D /* Triper_IOSUITests */ = {
			isa = PBXGroup;
			children = (
				FDBFA51B1D1C23030074D92D /* Triper_IOSUITests.m */,
				FDBFA51D1D1C23030074D92D /* Info.plist */,
			);
			path = Triper_IOSUITests;
			sourceTree = "<group>";
		};
		FDC3C94C1D2D59C30036FF3D /* SegmentedControll */ = {
			isa = PBXGroup;
			children = (
				FDC3C94D1D2D5A2E0036FF3D /* TSSegmentedControl.h */,
				FDC3C94E1D2D5A2E0036FF3D /* TSSegmentedControl.m */,
				FD4C96491D2DB4FC00D965F4 /* TSTextField.h */,
				FD4C964A1D2DB4FC00D965F4 /* TSTextField.m */,
			);
			name = SegmentedControll;
			sourceTree = "<group>";
		};
		FDD4BFF91D44FC9F00076803 /* TSRandomContentTest */ = {
			isa = PBXGroup;
			children = (
				FDDC4FD21D3D031A00B11286 /* TSRandomFriendsTest.h */,
				FDDC4FD31D3D031A00B11286 /* TSRandomFriendsTest.m */,
				FDF247F71D3D9CAE0035FBDF /* TSDisplayContent.h */,
				FDF247F81D3D9CAE0035FBDF /* TSDisplayContent.m */,
			);
			name = TSRandomContentTest;
			sourceTree = "<group>";
		};
		FDF247F31D3D93EA0035FBDF /* HandlerProfileView */ = {
			isa = PBXGroup;
			children = (
				FDF247F41D3D94380035FBDF /* TSHandler.h */,
				FDF247F51D3D94380035FBDF /* TSHandler.m */,
			);
			name = HandlerProfileView;
			sourceTree = "<group>";
		};
		FDF38CB61D1C7954005D081F /* Controllers */ = {
			isa = PBXGroup;
			children = (
				FDBFA4F91D1C23020074D92D /* TSLoginViewController.h */,
				FDBFA4FA1D1C23020074D92D /* TSLoginViewController.m */,
				FDF185301D30380C00EE3391 /* TSChatViewController.h */,
				FDF185311D30380C00EE3391 /* TSChatViewController.m */,
				FD530D5E1D265E3500E0651A /* TSSettingsViewController.h */,
				FD530D5F1D265E3500E0651A /* TSSettingsViewController.m */,
				FD0635C11D2FCC1D005D39EE /* TSMatchViewController.h */,
				FD4BF6DB1D43719300504327 /* TSMatchViewController.m */,
				FD0635C41D2FCCE9005D39EE /* TSHomyViewController.h */,
				FD0635C51D2FCCE9005D39EE /* TSHomyViewController.m */,
				FD4BF6DD1D43794E00504327 /* TSUserViewController.h */,
				FD4BF6DE1D43794E00504327 /* TSUserViewController.m */,
				FD0635C71D2FE78F005D39EE /* TSTabBarController.h */,
				FD0635C81D2FE78F005D39EE /* TSTabBarController.m */,
				FD0635CC1D2FF009005D39EE /* TSMapKitViewController.h */,
				FD0635CD1D2FF009005D39EE /* TSMapKitViewController.m */,
			);
			name = Controllers;
			sourceTree = "<group>";
		};
		FDF38CB71D1C797B005D081F /* App */ = {
			isa = PBXGroup;
			children = (
				FDBFA4F61D1C23020074D92D /* AppDelegate.h */,
				FDBFA4F71D1C23020074D92D /* AppDelegate.m */,
			);
			name = App;
			sourceTree = "<group>";
		};
		FDF38CBC1D1C7AF8005D081F /* ServerManager */ = {
			isa = PBXGroup;
			children = (
				FDF38CB91D1C7AED005D081F /* TSServerManager.h */,
				FDF38CBA1D1C7AED005D081F /* TSServerManager.m */,
			);
			name = ServerManager;
			sourceTree = "<group>";
		};
/* End PBXGroup section */

/* Begin PBXNativeTarget section */
		FDBFA4EF1D1C23010074D92D /* Triper_IOS */ = {
			isa = PBXNativeTarget;
			buildConfigurationList = FDBFA5201D1C23030074D92D /* Build configuration list for PBXNativeTarget "Triper_IOS" */;
			buildPhases = (
				5E42C6634347DFBCF11553D2 /* [CP] Check Pods Manifest.lock */,
				FDBFA4EC1D1C23010074D92D /* Sources */,
				FDBFA4ED1D1C23010074D92D /* Frameworks */,
				FDBFA4EE1D1C23010074D92D /* Resources */,
				6063DA26A43BC565983E563F /* [CP] Embed Pods Frameworks */,
				B46484AB64F54CADE2676D17 /* [CP] Copy Pods Resources */,
			);
			buildRules = (
			);
			dependencies = (
			);
			name = Triper_IOS;
			productName = Triper_IOS;
			productReference = FDBFA4F01D1C23010074D92D /* Triper_IOS.app */;
			productType = "com.apple.product-type.application";
		};
		FDBFA50B1D1C23020074D92D /* Triper_IOSTests */ = {
			isa = PBXNativeTarget;
			buildConfigurationList = FDBFA5231D1C23030074D92D /* Build configuration list for PBXNativeTarget "Triper_IOSTests" */;
			buildPhases = (
				FDBFA5081D1C23020074D92D /* Sources */,
				FDBFA5091D1C23020074D92D /* Frameworks */,
				FDBFA50A1D1C23020074D92D /* Resources */,
			);
			buildRules = (
			);
			dependencies = (
				FDBFA50E1D1C23030074D92D /* PBXTargetDependency */,
			);
			name = Triper_IOSTests;
			productName = Triper_IOSTests;
			productReference = FDBFA50C1D1C23030074D92D /* Triper_IOSTests.xctest */;
			productType = "com.apple.product-type.bundle.unit-test";
		};
		FDBFA5161D1C23030074D92D /* Triper_IOSUITests */ = {
			isa = PBXNativeTarget;
			buildConfigurationList = FDBFA5261D1C23030074D92D /* Build configuration list for PBXNativeTarget "Triper_IOSUITests" */;
			buildPhases = (
				FDBFA5131D1C23030074D92D /* Sources */,
				FDBFA5141D1C23030074D92D /* Frameworks */,
				FDBFA5151D1C23030074D92D /* Resources */,
			);
			buildRules = (
			);
			dependencies = (
				FDBFA5191D1C23030074D92D /* PBXTargetDependency */,
			);
			name = Triper_IOSUITests;
			productName = Triper_IOSUITests;
			productReference = FDBFA5171D1C23030074D92D /* Triper_IOSUITests.xctest */;
			productType = "com.apple.product-type.bundle.ui-testing";
		};
/* End PBXNativeTarget section */

/* Begin PBXProject section */
		FDBFA4E81D1C23010074D92D /* Project object */ = {
			isa = PBXProject;
			attributes = {
				CLASSPREFIX = TS;
				LastUpgradeCheck = 0730;
				ORGANIZATIONNAME = "Tsvigun Alexandr";
				TargetAttributes = {
					FDBFA4EF1D1C23010074D92D = {
						CreatedOnToolsVersion = 7.3;
						DevelopmentTeam = 5D7GRV784H;
					};
					FDBFA50B1D1C23020074D92D = {
						CreatedOnToolsVersion = 7.3;
						DevelopmentTeam = 5D7GRV784H;
						TestTargetID = FDBFA4EF1D1C23010074D92D;
					};
					FDBFA5161D1C23030074D92D = {
						CreatedOnToolsVersion = 7.3;
						DevelopmentTeam = 5D7GRV784H;
						TestTargetID = FDBFA4EF1D1C23010074D92D;
					};
				};
			};
			buildConfigurationList = FDBFA4EB1D1C23010074D92D /* Build configuration list for PBXProject "Triper_IOS" */;
			compatibilityVersion = "Xcode 3.2";
			developmentRegion = English;
			hasScannedForEncodings = 0;
			knownRegions = (
				en,
				Base,
			);
			mainGroup = FDBFA4E71D1C23010074D92D;
			productRefGroup = FDBFA4F11D1C23010074D92D /* Products */;
			projectDirPath = "";
			projectRoot = "";
			targets = (
				FDBFA4EF1D1C23010074D92D /* Triper_IOS */,
				FDBFA50B1D1C23020074D92D /* Triper_IOSTests */,
				FDBFA5161D1C23030074D92D /* Triper_IOSUITests */,
			);
		};
/* End PBXProject section */

/* Begin PBXResourcesBuildPhase section */
		FDBFA4EE1D1C23010074D92D /* Resources */ = {
			isa = PBXResourcesBuildPhase;
			buildActionMask = 2147483647;
			files = (
				FDBFA5061D1C23020074D92D /* LaunchScreen.storyboard in Resources */,
				FDD4BFF51D44FBF100076803 /* TSCellView.xib in Resources */,
				FDF83A0A1D391CC200FA5955 /* TSProfileView.xib in Resources */,
				FDCBDA831D3E674200F07849 /* GoogleService-Info.plist in Resources */,
				FDBFA5031D1C23020074D92D /* Assets.xcassets in Resources */,
				FDBFA4FE1D1C23020074D92D /* Main.storyboard in Resources */,
			);
			runOnlyForDeploymentPostprocessing = 0;
		};
		FDBFA50A1D1C23020074D92D /* Resources */ = {
			isa = PBXResourcesBuildPhase;
			buildActionMask = 2147483647;
			files = (
			);
			runOnlyForDeploymentPostprocessing = 0;
		};
		FDBFA5151D1C23030074D92D /* Resources */ = {
			isa = PBXResourcesBuildPhase;
			buildActionMask = 2147483647;
			files = (
			);
			runOnlyForDeploymentPostprocessing = 0;
		};
/* End PBXResourcesBuildPhase section */

/* Begin PBXShellScriptBuildPhase section */
		5E42C6634347DFBCF11553D2 /* [CP] Check Pods Manifest.lock */ = {
			isa = PBXShellScriptBuildPhase;
			buildActionMask = 2147483647;
			files = (
			);
			inputPaths = (
			);
			name = "[CP] Check Pods Manifest.lock";
			outputPaths = (
			);
			runOnlyForDeploymentPostprocessing = 0;
			shellPath = /bin/sh;
			shellScript = "diff \"${PODS_ROOT}/../Podfile.lock\" \"${PODS_ROOT}/Manifest.lock\" > /dev/null\nif [[ $? != 0 ]] ; then\n    cat << EOM\nerror: The sandbox is not in sync with the Podfile.lock. Run 'pod install' or update your CocoaPods installation.\nEOM\n    exit 1\nfi\n";
			showEnvVarsInLog = 0;
		};
		6063DA26A43BC565983E563F /* [CP] Embed Pods Frameworks */ = {
			isa = PBXShellScriptBuildPhase;
			buildActionMask = 2147483647;
			files = (
			);
			inputPaths = (
			);
			name = "[CP] Embed Pods Frameworks";
			outputPaths = (
			);
			runOnlyForDeploymentPostprocessing = 0;
			shellPath = /bin/sh;
			shellScript = "\"${SRCROOT}/Pods/Target Support Files/Pods-Triper_IOS/Pods-Triper_IOS-frameworks.sh\"\n";
			showEnvVarsInLog = 0;
		};
		B46484AB64F54CADE2676D17 /* [CP] Copy Pods Resources */ = {
			isa = PBXShellScriptBuildPhase;
			buildActionMask = 2147483647;
			files = (
			);
			inputPaths = (
			);
			name = "[CP] Copy Pods Resources";
			outputPaths = (
			);
			runOnlyForDeploymentPostprocessing = 0;
			shellPath = /bin/sh;
			shellScript = "\"${SRCROOT}/Pods/Target Support Files/Pods-Triper_IOS/Pods-Triper_IOS-resources.sh\"\n";
			showEnvVarsInLog = 0;
		};
/* End PBXShellScriptBuildPhase section */

/* Begin PBXSourcesBuildPhase section */
		FDBFA4EC1D1C23010074D92D /* Sources */ = {
			isa = PBXSourcesBuildPhase;
			buildActionMask = 2147483647;
			files = (
				FDBFA4FB1D1C23020074D92D /* TSLoginViewController.m in Sources */,
				FDC3C94F1D2D5A2E0036FF3D /* TSSegmentedControl.m in Sources */,
				FDBFA4F81D1C23020074D92D /* AppDelegate.m in Sources */,
				FDDC4FD41D3D031A00B11286 /* TSRandomFriendsTest.m in Sources */,
				FDF38CBB1D1C7AED005D081F /* TSServerManager.m in Sources */,
				FD672A661D2A8DB9000E46EE /* TSButton.m in Sources */,
				FD1334AB1D2811E70074F5E9 /* TSUser.m in Sources */,
				FD8F15C51D25A1F6004F953B /* TSMenuTableViewCell.m in Sources */,
				FD05E8C81D2727F000C74141 /* TSCustomImageView.m in Sources */,
				FD0635CE1D2FF009005D39EE /* TSMapKitViewController.m in Sources */,
				FD0635C61D2FCCE9005D39EE /* TSHomyViewController.m in Sources */,
				FDF185321D30380C00EE3391 /* TSChatViewController.m in Sources */,
				FDF247F61D3D94380035FBDF /* TSHandler.m in Sources */,
				FD4BF6DF1D43794E00504327 /* TSUserViewController.m in Sources */,
				FD9E79A41D36D7B5003E402A /* TSProfileView.m in Sources */,
				FD4C964B1D2DB4FD00D965F4 /* TSTextField.m in Sources */,
				FDF247F91D3D9CAE0035FBDF /* TSDisplayContent.m in Sources */,
				FD0635C91D2FE78F005D39EE /* TSTabBarController.m in Sources */,
				FD530D601D265E3500E0651A /* TSSettingsViewController.m in Sources */,
				FDBFA4F51D1C23020074D92D /* main.m in Sources */,
				FDD4BFF81D44FC3B00076803 /* TSCellView.m in Sources */,
				FD4BF6DC1D43719300504327 /* TSMatchViewController.m in Sources */,
				FDBFA5011D1C23020074D92D /* Triper_IOS.xcdatamodeld in Sources */,
			);
			runOnlyForDeploymentPostprocessing = 0;
		};
		FDBFA5081D1C23020074D92D /* Sources */ = {
			isa = PBXSourcesBuildPhase;
			buildActionMask = 2147483647;
			files = (
				FDBFA5111D1C23030074D92D /* Triper_IOSTests.m in Sources */,
			);
			runOnlyForDeploymentPostprocessing = 0;
		};
		FDBFA5131D1C23030074D92D /* Sources */ = {
			isa = PBXSourcesBuildPhase;
			buildActionMask = 2147483647;
			files = (
				FDBFA51C1D1C23030074D92D /* Triper_IOSUITests.m in Sources */,
			);
			runOnlyForDeploymentPostprocessing = 0;
		};
/* End PBXSourcesBuildPhase section */

/* Begin PBXTargetDependency section */
		FDBFA50E1D1C23030074D92D /* PBXTargetDependency */ = {
			isa = PBXTargetDependency;
			target = FDBFA4EF1D1C23010074D92D /* Triper_IOS */;
			targetProxy = FDBFA50D1D1C23030074D92D /* PBXContainerItemProxy */;
		};
		FDBFA5191D1C23030074D92D /* PBXTargetDependency */ = {
			isa = PBXTargetDependency;
			target = FDBFA4EF1D1C23010074D92D /* Triper_IOS */;
			targetProxy = FDBFA5181D1C23030074D92D /* PBXContainerItemProxy */;
		};
/* End PBXTargetDependency section */

/* Begin PBXVariantGroup section */
		FDBFA4FC1D1C23020074D92D /* Main.storyboard */ = {
			isa = PBXVariantGroup;
			children = (
				FDBFA4FD1D1C23020074D92D /* Base */,
			);
			name = Main.storyboard;
			sourceTree = "<group>";
		};
		FDBFA5041D1C23020074D92D /* LaunchScreen.storyboard */ = {
			isa = PBXVariantGroup;
			children = (
				FDBFA5051D1C23020074D92D /* Base */,
			);
			name = LaunchScreen.storyboard;
			sourceTree = "<group>";
		};
/* End PBXVariantGroup section */

/* Begin XCBuildConfiguration section */
		FDBFA51E1D1C23030074D92D /* Debug */ = {
			isa = XCBuildConfiguration;
			buildSettings = {
				ALWAYS_SEARCH_USER_PATHS = NO;
				CLANG_ANALYZER_NONNULL = YES;
				CLANG_CXX_LANGUAGE_STANDARD = "gnu++0x";
				CLANG_CXX_LIBRARY = "libc++";
				CLANG_ENABLE_MODULES = YES;
				CLANG_ENABLE_OBJC_ARC = YES;
				CLANG_WARN_BOOL_CONVERSION = YES;
				CLANG_WARN_CONSTANT_CONVERSION = YES;
				CLANG_WARN_DIRECT_OBJC_ISA_USAGE = YES_ERROR;
				CLANG_WARN_EMPTY_BODY = YES;
				CLANG_WARN_ENUM_CONVERSION = YES;
				CLANG_WARN_INT_CONVERSION = YES;
				CLANG_WARN_OBJC_ROOT_CLASS = YES_ERROR;
				CLANG_WARN_UNREACHABLE_CODE = YES;
				CLANG_WARN__DUPLICATE_METHOD_MATCH = YES;
				"CODE_SIGN_IDENTITY[sdk=iphoneos*]" = "iPhone Developer";
				COPY_PHASE_STRIP = NO;
				DEBUG_INFORMATION_FORMAT = dwarf;
				ENABLE_STRICT_OBJC_MSGSEND = YES;
				ENABLE_TESTABILITY = YES;
				GCC_C_LANGUAGE_STANDARD = gnu99;
				GCC_DYNAMIC_NO_PIC = NO;
				GCC_NO_COMMON_BLOCKS = YES;
				GCC_OPTIMIZATION_LEVEL = 0;
				GCC_PREPROCESSOR_DEFINITIONS = (
					"DEBUG=1",
					"$(inherited)",
				);
				GCC_WARN_64_TO_32_BIT_CONVERSION = YES;
				GCC_WARN_ABOUT_RETURN_TYPE = YES_ERROR;
				GCC_WARN_UNDECLARED_SELECTOR = YES;
				GCC_WARN_UNINITIALIZED_AUTOS = YES_AGGRESSIVE;
				GCC_WARN_UNUSED_FUNCTION = YES;
				GCC_WARN_UNUSED_VARIABLE = YES;
				IPHONEOS_DEPLOYMENT_TARGET = 9.3;
				MTL_ENABLE_DEBUG_INFO = YES;
				ONLY_ACTIVE_ARCH = YES;
				SDKROOT = iphoneos;
				TARGETED_DEVICE_FAMILY = "1,2";
			};
			name = Debug;
		};
		FDBFA51F1D1C23030074D92D /* Release */ = {
			isa = XCBuildConfiguration;
			buildSettings = {
				ALWAYS_SEARCH_USER_PATHS = NO;
				CLANG_ANALYZER_NONNULL = YES;
				CLANG_CXX_LANGUAGE_STANDARD = "gnu++0x";
				CLANG_CXX_LIBRARY = "libc++";
				CLANG_ENABLE_MODULES = YES;
				CLANG_ENABLE_OBJC_ARC = YES;
				CLANG_WARN_BOOL_CONVERSION = YES;
				CLANG_WARN_CONSTANT_CONVERSION = YES;
				CLANG_WARN_DIRECT_OBJC_ISA_USAGE = YES_ERROR;
				CLANG_WARN_EMPTY_BODY = YES;
				CLANG_WARN_ENUM_CONVERSION = YES;
				CLANG_WARN_INT_CONVERSION = YES;
				CLANG_WARN_OBJC_ROOT_CLASS = YES_ERROR;
				CLANG_WARN_UNREACHABLE_CODE = YES;
				CLANG_WARN__DUPLICATE_METHOD_MATCH = YES;
				"CODE_SIGN_IDENTITY[sdk=iphoneos*]" = "iPhone Developer";
				COPY_PHASE_STRIP = NO;
				DEBUG_INFORMATION_FORMAT = "dwarf-with-dsym";
				ENABLE_NS_ASSERTIONS = NO;
				ENABLE_STRICT_OBJC_MSGSEND = YES;
				GCC_C_LANGUAGE_STANDARD = gnu99;
				GCC_NO_COMMON_BLOCKS = YES;
				GCC_WARN_64_TO_32_BIT_CONVERSION = YES;
				GCC_WARN_ABOUT_RETURN_TYPE = YES_ERROR;
				GCC_WARN_UNDECLARED_SELECTOR = YES;
				GCC_WARN_UNINITIALIZED_AUTOS = YES_AGGRESSIVE;
				GCC_WARN_UNUSED_FUNCTION = YES;
				GCC_WARN_UNUSED_VARIABLE = YES;
				IPHONEOS_DEPLOYMENT_TARGET = 9.3;
				MTL_ENABLE_DEBUG_INFO = NO;
				SDKROOT = iphoneos;
				TARGETED_DEVICE_FAMILY = "1,2";
				VALIDATE_PRODUCT = YES;
			};
			name = Release;
		};
		FDBFA5211D1C23030074D92D /* Debug */ = {
			isa = XCBuildConfiguration;
			baseConfigurationReference = 906A3ACFD747A10A9AA94296 /* Pods-Triper_IOS.debug.xcconfig */;
			buildSettings = {
				ASSETCATALOG_COMPILER_APPICON_NAME = AppIcon;
				FRAMEWORK_SEARCH_PATHS = (
					"$(inherited)",
					"$(PROJECT_DIR)",
				);
				GCC_PREFIX_HEADER = "";
				INFOPLIST_FILE = Triper_IOS/Info.plist;
				LD_RUNPATH_SEARCH_PATHS = "$(inherited) @executable_path/Frameworks";
				OTHER_LDFLAGS = (
					"-lxml2",
					"-ObjC",
					"$(inherited)",
					"-ObjC",
					"-l\"AFNetworking\"",
					"-l\"Bolts\"",
					"-l\"FBSDKCoreKit\"",
					"-l\"FBSDKLoginKit\"",
					"-l\"resolv\"",
					"-l\"stdc++\"",
					"-l\"xml2\"",
					"-l\"z\"",
					"-framework",
					"\"AVFoundation\"",
					"-framework",
					"\"Accelerate\"",
					"-framework",
					"\"AudioToolbox\"",
					"-framework",
					"\"CFNetwork\"",
					"-framework",
					"\"CoreData\"",
					"-framework",
					"\"CoreGraphics\"",
					"-framework",
					"\"CoreLocation\"",
					"-framework",
					"\"CoreMedia\"",
					"-framework",
					"\"CoreVideo\"",
					"-framework",
					"\"MobileCoreServices\"",
					"-framework",
					"\"Quickblox\"",
					"-framework",
					"\"Security\"",
					"-framework",
					"\"SystemConfiguration\"",
					"-framework",
					"\"UIKit\"",
					"-weak_framework",
					"\"Accounts\"",
					"-weak_framework",
					"\"AudioToolbox\"",
					"-weak_framework",
					"\"CoreGraphics\"",
					"-weak_framework",
					"\"CoreLocation\"",
					"-weak_framework",
					"\"Foundation\"",
					"-weak_framework",
					"\"QuartzCore\"",
					"-weak_framework",
					"\"Security\"",
					"-weak_framework",
					"\"Social\"",
					"-weak_framework",
					"\"UIKit\"",
				);
				PRODUCT_BUNDLE_IDENTIFIER = "com.tsvigunalexandr.Triper-IOS";
				PRODUCT_NAME = "$(TARGET_NAME)";
				TARGETED_DEVICE_FAMILY = "1,2";
				USER_HEADER_SEARCH_PATHS = /usr/include/libxml2;
			};
			name = Debug;
		};
		FDBFA5221D1C23030074D92D /* Release */ = {
			isa = XCBuildConfiguration;
			baseConfigurationReference = E46800479BB6420A412BEB96 /* Pods-Triper_IOS.release.xcconfig */;
			buildSettings = {
				ASSETCATALOG_COMPILER_APPICON_NAME = AppIcon;
				FRAMEWORK_SEARCH_PATHS = (
					"$(inherited)",
					"$(PROJECT_DIR)",
				);
				GCC_PREFIX_HEADER = "";
				INFOPLIST_FILE = Triper_IOS/Info.plist;
				LD_RUNPATH_SEARCH_PATHS = "$(inherited) @executable_path/Frameworks";
				OTHER_LDFLAGS = (
					"-lxml2",
					"-ObjC",
					"$(inherited)",
					"-ObjC",
					"-l\"AFNetworking\"",
					"-l\"Bolts\"",
					"-l\"FBSDKCoreKit\"",
					"-l\"FBSDKLoginKit\"",
					"-l\"resolv\"",
					"-l\"stdc++\"",
					"-l\"xml2\"",
					"-l\"z\"",
					"-framework",
					"\"AVFoundation\"",
					"-framework",
					"\"Accelerate\"",
					"-framework",
					"\"AudioToolbox\"",
					"-framework",
					"\"CFNetwork\"",
					"-framework",
					"\"CoreData\"",
					"-framework",
					"\"CoreGraphics\"",
					"-framework",
					"\"CoreLocation\"",
					"-framework",
					"\"CoreMedia\"",
					"-framework",
					"\"CoreVideo\"",
					"-framework",
					"\"MobileCoreServices\"",
					"-framework",
					"\"Quickblox\"",
					"-framework",
					"\"Security\"",
					"-framework",
					"\"SystemConfiguration\"",
					"-framework",
					"\"UIKit\"",
					"-weak_framework",
					"\"Accounts\"",
					"-weak_framework",
					"\"AudioToolbox\"",
					"-weak_framework",
					"\"CoreGraphics\"",
					"-weak_framework",
					"\"CoreLocation\"",
					"-weak_framework",
					"\"Foundation\"",
					"-weak_framework",
					"\"QuartzCore\"",
					"-weak_framework",
					"\"Security\"",
					"-weak_framework",
					"\"Social\"",
					"-weak_framework",
					"\"UIKit\"",
				);
				PRODUCT_BUNDLE_IDENTIFIER = "com.tsvigunalexandr.Triper-IOS";
				PRODUCT_NAME = "$(TARGET_NAME)";
				TARGETED_DEVICE_FAMILY = "1,2";
				USER_HEADER_SEARCH_PATHS = /usr/include/libxml2;
			};
			name = Release;
		};
		FDBFA5241D1C23030074D92D /* Debug */ = {
			isa = XCBuildConfiguration;
			buildSettings = {
				BUNDLE_LOADER = "$(TEST_HOST)";
				INFOPLIST_FILE = Triper_IOSTests/Info.plist;
				LD_RUNPATH_SEARCH_PATHS = "$(inherited) @executable_path/Frameworks @loader_path/Frameworks";
				PRODUCT_BUNDLE_IDENTIFIER = "com.tsvigunalexandr.Triper-IOSTests";
				PRODUCT_NAME = "$(TARGET_NAME)";
				TEST_HOST = "$(BUILT_PRODUCTS_DIR)/Triper_IOS.app/Triper_IOS";
			};
			name = Debug;
		};
		FDBFA5251D1C23030074D92D /* Release */ = {
			isa = XCBuildConfiguration;
			buildSettings = {
				BUNDLE_LOADER = "$(TEST_HOST)";
				INFOPLIST_FILE = Triper_IOSTests/Info.plist;
				LD_RUNPATH_SEARCH_PATHS = "$(inherited) @executable_path/Frameworks @loader_path/Frameworks";
				PRODUCT_BUNDLE_IDENTIFIER = "com.tsvigunalexandr.Triper-IOSTests";
				PRODUCT_NAME = "$(TARGET_NAME)";
				TEST_HOST = "$(BUILT_PRODUCTS_DIR)/Triper_IOS.app/Triper_IOS";
			};
			name = Release;
		};
		FDBFA5271D1C23030074D92D /* Debug */ = {
			isa = XCBuildConfiguration;
			buildSettings = {
				INFOPLIST_FILE = Triper_IOSUITests/Info.plist;
				LD_RUNPATH_SEARCH_PATHS = "$(inherited) @executable_path/Frameworks @loader_path/Frameworks";
				PRODUCT_BUNDLE_IDENTIFIER = "com.tsvigunalexandr.Triper-IOSUITests";
				PRODUCT_NAME = "$(TARGET_NAME)";
				TEST_TARGET_NAME = Triper_IOS;
			};
			name = Debug;
		};
		FDBFA5281D1C23030074D92D /* Release */ = {
			isa = XCBuildConfiguration;
			buildSettings = {
				INFOPLIST_FILE = Triper_IOSUITests/Info.plist;
				LD_RUNPATH_SEARCH_PATHS = "$(inherited) @executable_path/Frameworks @loader_path/Frameworks";
				PRODUCT_BUNDLE_IDENTIFIER = "com.tsvigunalexandr.Triper-IOSUITests";
				PRODUCT_NAME = "$(TARGET_NAME)";
				TEST_TARGET_NAME = Triper_IOS;
			};
			name = Release;
		};
/* End XCBuildConfiguration section */

/* Begin XCConfigurationList section */
		FDBFA4EB1D1C23010074D92D /* Build configuration list for PBXProject "Triper_IOS" */ = {
			isa = XCConfigurationList;
			buildConfigurations = (
				FDBFA51E1D1C23030074D92D /* Debug */,
				FDBFA51F1D1C23030074D92D /* Release */,
			);
			defaultConfigurationIsVisible = 0;
			defaultConfigurationName = Release;
		};
		FDBFA5201D1C23030074D92D /* Build configuration list for PBXNativeTarget "Triper_IOS" */ = {
			isa = XCConfigurationList;
			buildConfigurations = (
				FDBFA5211D1C23030074D92D /* Debug */,
				FDBFA5221D1C23030074D92D /* Release */,
			);
			defaultConfigurationIsVisible = 0;
			defaultConfigurationName = Release;
		};
		FDBFA5231D1C23030074D92D /* Build configuration list for PBXNativeTarget "Triper_IOSTests" */ = {
			isa = XCConfigurationList;
			buildConfigurations = (
				FDBFA5241D1C23030074D92D /* Debug */,
				FDBFA5251D1C23030074D92D /* Release */,
			);
			defaultConfigurationIsVisible = 0;
			defaultConfigurationName = Release;
		};
		FDBFA5261D1C23030074D92D /* Build configuration list for PBXNativeTarget "Triper_IOSUITests" */ = {
			isa = XCConfigurationList;
			buildConfigurations = (
				FDBFA5271D1C23030074D92D /* Debug */,
				FDBFA5281D1C23030074D92D /* Release */,
			);
			defaultConfigurationIsVisible = 0;
			defaultConfigurationName = Release;
		};
/* End XCConfigurationList section */

/* Begin XCVersionGroup section */
		FDBFA4FF1D1C23020074D92D /* Triper_IOS.xcdatamodeld */ = {
			isa = XCVersionGroup;
			children = (
				FDBFA5001D1C23020074D92D /* Triper_IOS.xcdatamodel */,
			);
			currentVersion = FDBFA5001D1C23020074D92D /* Triper_IOS.xcdatamodel */;
			path = Triper_IOS.xcdatamodeld;
			sourceTree = "<group>";
			versionGroupType = wrapper.xcdatamodel;
		};
/* End XCVersionGroup section */
	};
	rootObject = FDBFA4E81D1C23010074D92D /* Project object */;
}
